# This file is automatically @generated by Cargo.
# It is not intended for manual editing.
version = 4

[[package]]
name = "alphanumeric"
version = "0.1.0"
dependencies = [
 "to_segments",
]

[[package]]
name = "to_segments"
version = "0.1.0"
source = "registry+https://github.com/rust-lang/crates.io-index"
checksum = "544065c0f956078ee77b809e83f53865ee4628c579cb9c819df196412ad97a3d"
